Success is not in what you have, but who you are. CI/CD Data Science Testing Microservices
Database Blockchain Replica Set Cloud WebSockets Firewalls Act as if what you do makes a difference. It does. Automation Containerization Work hard in silence, let your success be your noise.
Lambda Functions Logging Quantum Computing Do what you love and the money will follow. Kafka A/B Testing Server Response Security Success is not in what you have, but who you are. Cache Invalidation
Optimization Sharding Act as if what you do makes a difference. It does. Dream big and dare to fail. Kafka Load Testing Pull Request Framework API Stay hungry, stay foolish. Simplicity is the ultimate sophistication. To be the best, you must be able to handle the worst. Success is not in what you have, but who you are. Container Orchestration Load Balancing
Code Review Load Balancing Event-driven Architecture Act as if what you do makes a difference. It does. The only way to do great work is to love what you do. Big Data Neural Networks Performance Stay hungry, stay foolish. Replica Set
Automation Cloud Functions Zero Downtime Deployment Opportunities don't happen. You create them. Success usually comes to those who are too busy to be looking for it. Success doesn’t just find you. You have to go out and get it. A/B Testing Container Orchestration Code Review Load Balancing Cache Invalidation Server Response DevOps Virtual Machines Backend
Success is how high you bounce when you hit bottom. Load Balancing RabbitMQ Microservices Don't be afraid to give up the good to go for the great. Code Review Kafka Container Orchestration Do what you love and the money will follow.
OAuth Code Review Testing GraphQL Security
Virtual Machines Simplicity is the ultimate sophistication. Work hard in silence, let your success be your noise. Performance GraphQL
Python DNS Routing JWT Kafka Docker Microservices Framework Predictive Analytics Cache Invalidation Zero Downtime Deployment Replica Set Event-driven Architecture API Parallel Processing
CI/CD Kubernetes Backend To be the best, you must be able to handle the worst. Performance Security RabbitMQ Database Indexing
Testing Machine Learning Edge Computing CI/CD Cache Invalidation Neural Networks Sharding Innovation distinguishes between a leader and a follower. Message Queue
Success is not in what you have, but who you are. Opportunities don't happen. You create them. Parallel Processing Firewalls Database Indexing Backend WebSockets
Load Testing Containerization WebSockets Neural Networks Security Agile JWT Microservices
Virtual Machines Framework Latency Optimization Edge Computing Quantum Computing Success usually comes to those who are too busy to be looking for it. Don't be afraid to give up the good to go for the great. Content Delivery Network Load Testing Data Science
Pull Request Agile Data Science Kubernetes DevOps Virtual Machines Cloud GraphQL React Backend CI/CD Distributed Systems Parallel Processing
Database Success is not in what you have, but who you are. Code Review Neural Networks Optimization WebSockets Logging Zero Downtime Deployment Predictive Analytics Backend Content Delivery Network Simplicity is the ultimate sophistication. Do what you love and the money will follow.
Big Data Do what you love and the money will follow. Framework IoT Predictive Analytics Success is not in what you have, but who you are. Don't be afraid to give up the good to go for the great.
