Success is not in what you have, but who you are. CI/CD Data Science Testing Microservices
Database Blockchain Replica Set Cloud WebSockets Firewalls Act as if what you do makes a difference. It does. Automation Containerization Work hard in silence, let your success be your noise.
Lambda Functions Logging Quantum Computing Do what you love and the money will follow. Kafka A/B Testing Server Response Security Success is not in what you have, but who you are. Cache Invalidation
